Microsoft Visual Studio Solution File, Format Version 12.00
# Visual Studio 15
VisualStudioVersion = 15.0.27004.2008
MinimumVisualStudioVersion = 15.0
Project("{034A4B97-5669-4672-A7B8-70D1CD400799}") = "Oxide.References", "src\Oxide.References.csproj", "{7009BBCB-8CA4-49EC-BE95-B27C07771CDF}"
EndProject
Global
	GlobalSection(SolutionConfigurationPlatforms) = preSolution
		Debug|Any CPU = Debug|Any CPU
		Release|Any CPU = Release|Any CPU
	EndGlobalSection
	GlobalSection(ProjectConfigurationPlatforms) = postSolution
		{7009BBCB-8CA4-49EC-BE95-B27C07771CDF}.Debug|Any CPU.ActiveCfg = Debug|Any CPU
		{7009BBCB-8CA4-49EC-BE95-B27C07771CDF}.Debug|Any CPU.Build.0 = Debug|Any CPU
		{7009BBCB-8CA4-49EC-BE95-B27C07771CDF}.Release|Any CPU.ActiveCfg = Release|Any CPU
		{7009BBCB-8CA4-49EC-BE95-B27C07771CDF}.Release|Any CPU.Build.0 = Release|Any CPU
	EndGlobalSection
EndGlobal
